
Microsoft Visual Studio Solution File, Format Version 12.00
# Visual Studio 15
VisualStudioVersion = 15.0.28307.572
MinimumVisualStudioVersion = 10.0.40219.1
Project("{FAE04EC0-301F-11D3-BF4B-00C04F79EFBC}") = "AccessingTheWebByUsingAsyncAndAwait", "AccessingTheWebByUsingAsyncAndAwait\AccessingTheWebByUsingAsyncAndAwait.csproj", "{19C62BFA-2634-4CFE-9C08-4D573E46AB19}"
EndProject
Project("{FAE04EC0-301F-11D3-BF4B-00C04F79EFBC}") = "TaskWhenAll", "TaskWhenAll\TaskWhenAll.csproj", "{DD18A9AB-EB43-470A-B8D6-F2153507721F}"
EndProject
Project("{FAE04EC0-301F-11D3-BF4B-00C04F79EFBC}") = "MakeMultipleWebRequest", "MakeMultipleWebRequest\MakeMultipleWebRequest.csproj", "{83724C4A-3955-41F0-BC4C-C23FBC2B1D16}"
EndProject
Project("{FAE04EC0-301F-11D3-BF4B-00C04F79EFBC}") = "ControlFlow", "ControlFlow\ControlFlow.csproj", "{5E78DC73-1AEC-49A0-8EBB-B23D284F1467}"
EndProject
Project("{FAE04EC0-301F-11D3-BF4B-00C04F79EFBC}") = "CancelAsyncTaskOrListOfTask", "CancelAsyncTaskOrListOfTask\CancelAsyncTaskOrListOfTask.csproj", "{DAF355F1-EA6E-470F-B41B-543B669AF257}"
EndProject
Project("{FAE04EC0-301F-11D3-BF4B-00C04F79EFBC}") = "CancelAsyncTasksAfterPeriodOfTime", "CancelAsyncTasksAfterPeriodOfTime\CancelAsyncTasksAfterPeriodOfTime.csproj", "{9A8F5BAA-C1FF-49E5-96EB-B80FED872D9E}"
EndProject
Project("{FAE04EC0-301F-11D3-BF4B-00C04F79EFBC}") = "CancelRemainingAfterOneComplete", "CancelRemainingAfterOneComplete\CancelRemainingAfterOneComplete.csproj", "{2D5E62A4-B075-4567-AE5B-F2A72414BB00}"
EndProject
Project("{FAE04EC0-301F-11D3-BF4B-00C04F79EFBC}") = "StartMultipleAndProcessAsComplete", "StartMultipleAndProcessAsComplete\StartMultipleAndProcessAsComplete.csproj", "{371178EE-D8FF-4C40-9DF4-88E5914C0854}"
EndProject
Project("{FAE04EC0-301F-11D3-BF4B-00C04F79EFBC}") = "HandlingReEntrancy", "HandlingReEntrancy\HandlingReEntrancy.csproj", "{7F5BEA53-2902-4356-A470-F0C4083BC8B9}"
EndProject
Project("{FAE04EC0-301F-11D3-BF4B-00C04F79EFBC}") = "AsyncForFileAccess", "AsyncForFileAccess\AsyncForFileAccess.csproj", "{035AF6F3-1E51-4FE2-B597-F4E9540BA75E}"
EndProject
Global
	GlobalSection(SolutionConfigurationPlatforms) = preSolution
		Debug|Any CPU = Debug|Any CPU
		Release|Any CPU = Release|Any CPU
	EndGlobalSection
	GlobalSection(ProjectConfigurationPlatforms) = postSolution
		{19C62BFA-2634-4CFE-9C08-4D573E46AB19}.Debug|Any CPU.ActiveCfg = Debug|Any CPU
		{19C62BFA-2634-4CFE-9C08-4D573E46AB19}.Debug|Any CPU.Build.0 = Debug|Any CPU
		{19C62BFA-2634-4CFE-9C08-4D573E46AB19}.Release|Any CPU.ActiveCfg = Release|Any CPU
		{19C62BFA-2634-4CFE-9C08-4D573E46AB19}.Release|Any CPU.Build.0 = Release|Any CPU
		{DD18A9AB-EB43-470A-B8D6-F2153507721F}.Debug|Any CPU.ActiveCfg = Debug|Any CPU
		{DD18A9AB-EB43-470A-B8D6-F2153507721F}.Debug|Any CPU.Build.0 = Debug|Any CPU
		{DD18A9AB-EB43-470A-B8D6-F2153507721F}.Release|Any CPU.ActiveCfg = Release|Any CPU
		{DD18A9AB-EB43-470A-B8D6-F2153507721F}.Release|Any CPU.Build.0 = Release|Any CPU
		{83724C4A-3955-41F0-BC4C-C23FBC2B1D16}.Debug|Any CPU.ActiveCfg = Debug|Any CPU
		{83724C4A-3955-41F0-BC4C-C23FBC2B1D16}.Debug|Any CPU.Build.0 = Debug|Any CPU
		{83724C4A-3955-41F0-BC4C-C23FBC2B1D16}.Release|Any CPU.ActiveCfg = Release|Any CPU
		{83724C4A-3955-41F0-BC4C-C23FBC2B1D16}.Release|Any CPU.Build.0 = Release|Any CPU
		{5E78DC73-1AEC-49A0-8EBB-B23D284F1467}.Debug|Any CPU.ActiveCfg = Debug|Any CPU
		{5E78DC73-1AEC-49A0-8EBB-B23D284F1467}.Debug|Any CPU.Build.0 = Debug|Any CPU
		{5E78DC73-1AEC-49A0-8EBB-B23D284F1467}.Release|Any CPU.ActiveCfg = Release|Any CPU
		{5E78DC73-1AEC-49A0-8EBB-B23D284F1467}.Release|Any CPU.Build.0 = Release|Any CPU
		{DAF355F1-EA6E-470F-B41B-543B669AF257}.Debug|Any CPU.ActiveCfg = Debug|Any CPU
		{DAF355F1-EA6E-470F-B41B-543B669AF257}.Debug|Any CPU.Build.0 = Debug|Any CPU
		{DAF355F1-EA6E-470F-B41B-543B669AF257}.Release|Any CPU.ActiveCfg = Release|Any CPU
		{DAF355F1-EA6E-470F-B41B-543B669AF257}.Release|Any CPU.Build.0 = Release|Any CPU
		{9A8F5BAA-C1FF-49E5-96EB-B80FED872D9E}.Debug|Any CPU.ActiveCfg = Debug|Any CPU
		{9A8F5BAA-C1FF-49E5-96EB-B80FED872D9E}.Debug|Any CPU.Build.0 = Debug|Any CPU
		{9A8F5BAA-C1FF-49E5-96EB-B80FED872D9E}.Release|Any CPU.ActiveCfg = Release|Any CPU
		{9A8F5BAA-C1FF-49E5-96EB-B80FED872D9E}.Release|Any CPU.Build.0 = Release|Any CPU
		{2D5E62A4-B075-4567-AE5B-F2A72414BB00}.Debug|Any CPU.ActiveCfg = Debug|Any CPU
		{2D5E62A4-B075-4567-AE5B-F2A72414BB00}.Debug|Any CPU.Build.0 = Debug|Any CPU
		{2D5E62A4-B075-4567-AE5B-F2A72414BB00}.Release|Any CPU.ActiveCfg = Release|Any CPU
		{2D5E62A4-B075-4567-AE5B-F2A72414BB00}.Release|Any CPU.Build.0 = Release|Any CPU
		{371178EE-D8FF-4C40-9DF4-88E5914C0854}.Debug|Any CPU.ActiveCfg = Debug|Any CPU
		{371178EE-D8FF-4C40-9DF4-88E5914C0854}.Debug|Any CPU.Build.0 = Debug|Any CPU
		{371178EE-D8FF-4C40-9DF4-88E5914C0854}.Release|Any CPU.ActiveCfg = Release|Any CPU
		{371178EE-D8FF-4C40-9DF4-88E5914C0854}.Release|Any CPU.Build.0 = Release|Any CPU
		{7F5BEA53-2902-4356-A470-F0C4083BC8B9}.Debug|Any CPU.ActiveCfg = Debug|Any CPU
		{7F5BEA53-2902-4356-A470-F0C4083BC8B9}.Debug|Any CPU.Build.0 = Debug|Any CPU
		{7F5BEA53-2902-4356-A470-F0C4083BC8B9}.Release|Any CPU.ActiveCfg = Release|Any CPU
		{7F5BEA53-2902-4356-A470-F0C4083BC8B9}.Release|Any CPU.Build.0 = Release|Any CPU
		{035AF6F3-1E51-4FE2-B597-F4E9540BA75E}.Debug|Any CPU.ActiveCfg = Debug|Any CPU
		{035AF6F3-1E51-4FE2-B597-F4E9540BA75E}.Debug|Any CPU.Build.0 = Debug|Any CPU
		{035AF6F3-1E51-4FE2-B597-F4E9540BA75E}.Release|Any CPU.ActiveCfg = Release|Any CPU
		{035AF6F3-1E51-4FE2-B597-F4E9540BA75E}.Release|Any CPU.Build.0 = Release|Any CPU
	EndGlobalSection
	GlobalSection(SolutionProperties) = preSolution
		HideSolutionNode = FALSE
	EndGlobalSection
	GlobalSection(ExtensibilityGlobals) = postSolution
		SolutionGuid = {39B1931B-2EEB-4EE7-AD3A-6F16928E5A0B}
	EndGlobalSection
EndGlobal
