
Microsoft Visual Studio Solution File, Format Version 12.00
# Visual Studio 15
VisualStudioVersion = 15.0.28307.572
MinimumVisualStudioVersion = 10.0.40219.1
Project("{FAE04EC0-301F-11D3-BF4B-00C04F79EFBC}") = "Project1", "Project1.csproj", "{5D30981F-6B3E-4449-BF49-B45E1D6F8ADA}"
EndProject
Project("{FAE04EC0-301F-11D3-BF4B-00C04F79EFBC}") = "TextBoxControl", "TextBoxControl\TextBoxControl.csproj", "{EBFAFAF2-8315-4209-81FF-38E69F32BB66}"
EndProject
Project("{FAE04EC0-301F-11D3-BF4B-00C04F79EFBC}") = "CheckBox", "CheckBox\CheckBox.csproj", "{001FA3A2-E299-4B10-A08D-9F570B4D24F5}"
EndProject
Project("{FAE04EC0-301F-11D3-BF4B-00C04F79EFBC}") = "ComboBox", "ComboBox\ComboBox.csproj", "{537C0390-7F1B-447E-A1BB-8C3AB22E4A51}"
EndProject
Project("{FAE04EC0-301F-11D3-BF4B-00C04F79EFBC}") = "LabelControl", "LabelControl\LabelControl.csproj", "{E370330B-54F3-446E-936F-0F2720A78038}"
EndProject
Project("{FAE04EC0-301F-11D3-BF4B-00C04F79EFBC}") = "WindowsFormsApp1", "WindowsFormsApp1\WindowsFormsApp1.csproj", "{3E04C9F6-F991-48C7-8D25-B6FF25C5BEB7}"
EndProject
Project("{FAE04EC0-301F-11D3-BF4B-00C04F79EFBC}") = "PictureBox", "PictureBox\PictureBox.csproj", "{7ADED61B-DC9A-494E-BC7F-F34B929A5F94}"
EndProject
Project("{FAE04EC0-301F-11D3-BF4B-00C04F79EFBC}") = "LinkLabelControl", "LinkLabelControl\LinkLabelControl.csproj", "{DFCECA5A-5FAA-453E-888A-A623EACF71D5}"
EndProject
Project("{FAE04EC0-301F-11D3-BF4B-00C04F79EFBC}") = "MaskedTextBoxControl", "MaskedTextBoxControl\MaskedTextBoxControl.csproj", "{7C4BCCB6-3B78-4DDB-9424-A653A5A0980F}"
EndProject
Project("{FAE04EC0-301F-11D3-BF4B-00C04F79EFBC}") = "ListBox", "ListBox\ListBox.csproj", "{6278497E-CD4A-48D4-A45A-C0DC7E7A830F}"
EndProject
Project("{FAE04EC0-301F-11D3-BF4B-00C04F79EFBC}") = "CheckedListBox", "CheckedListBox\CheckedListBox.csproj", "{AB0667D4-2C7E-4552-9F80-BAAC2A262E05}"
EndProject
Project("{FAE04EC0-301F-11D3-BF4B-00C04F79EFBC}") = "Radio_Button", "Radio_Button\Radio_Button.csproj", "{A14D55E6-F20B-4F66-A1B2-8B05A7F670AD}"
EndProject
Project("{FAE04EC0-301F-11D3-BF4B-00C04F79EFBC}") = "FontDialogControl", "..\FontDialogControl\FontDialogControl.csproj", "{B6B9125B-36B4-42FF-A8ED-8A7F0FB8E7EA}"
EndProject
Project("{FAE04EC0-301F-11D3-BF4B-00C04F79EFBC}") = "FolderBrowserDialogControl", "FolderBrowserDialogControl\FolderBrowserDialogControl.csproj", "{157AB37A-CF2A-4237-8CBA-400347800474}"
EndProject
Project("{FAE04EC0-301F-11D3-BF4B-00C04F79EFBC}") = "GroupBoxControl", "GroupBoxControl\GroupBoxControl.csproj", "{A1CC19F5-0DCE-425F-A342-9BF7273FF39E}"
EndProject
Project("{FAE04EC0-301F-11D3-BF4B-00C04F79EFBC}") = "OpenFileDialogControl", "OpenFileDialogControl\OpenFileDialogControl.csproj", "{7C312071-78C9-419A-AB40-C7363812B307}"
EndProject
Project("{FAE04EC0-301F-11D3-BF4B-00C04F79EFBC}") = "SaveFileDialogControl", "SaveFileDialogControl\SaveFileDialogControl.csproj", "{E9C7F9A2-82F4-4796-882F-7957628963D5}"
EndProject
Project("{FAE04EC0-301F-11D3-BF4B-00C04F79EFBC}") = "ColorDialogControl", "ColorDialogControl\ColorDialogControl.csproj", "{A45CBA9C-5690-4A51-858C-EE4889BA8BF2}"
EndProject
Project("{FAE04EC0-301F-11D3-BF4B-00C04F79EFBC}") = "MenuStripControl", "MenuStripControl\MenuStripControl.csproj", "{7B38E346-8142-4CD0-BB5A-5C6F30EB15C1}"
EndProject
Project("{FAE04EC0-301F-11D3-BF4B-00C04F79EFBC}") = "StatusStripControl", "StatusStripControl\StatusStripControl.csproj", "{70368C26-F377-41FC-A09E-880139D20867}"
EndProject
Project("{FAE04EC0-301F-11D3-BF4B-00C04F79EFBC}") = "ContextMenuStripControl", "ContextMenuStripControl\ContextMenuStripControl.csproj", "{2461B8C2-8C2D-4EBD-B536-E852E73AE475}"
EndProject
Project("{FAE04EC0-301F-11D3-BF4B-00C04F79EFBC}") = "ToolTipComponentControl", "..\ToolTipComponentControl\ToolTipComponentControl.csproj", "{9DD415A7-5A24-448C-BCCE-F330575AB208}"
EndProject
Project("{FAE04EC0-301F-11D3-BF4B-00C04F79EFBC}") = "NotiftIconControl", "NotiftIconControl\NotiftIconControl.csproj", "{8C5B611A-4EA2-44A2-A898-96042C69D152}"
EndProject
Project("{FAE04EC0-301F-11D3-BF4B-00C04F79EFBC}") = "ProgressBarControl", "ProgressBarControl\ProgressBarControl.csproj", "{42D3B5AD-391A-4D9A-96E4-E6273F449628}"
EndProject
Project("{FAE04EC0-301F-11D3-BF4B-00C04F79EFBC}") = "TraceBarControl", "TraceBarControl\TraceBarControl.csproj", "{2FD691FD-9229-4718-B765-9FD412B8A88E}"
EndProject
Project("{FAE04EC0-301F-11D3-BF4B-00C04F79EFBC}") = "MonthCalendarControl", "MonthCalendarControl\MonthCalendarControl.csproj", "{D0DB898E-9834-482B-8DA1-650633803D16}"
EndProject
Project("{FAE04EC0-301F-11D3-BF4B-00C04F79EFBC}") = "NumericUpDownControl", "NumericUpDownControl\NumericUpDownControl.csproj", "{62C6E6CF-DEFF-4F0D-9E78-C4390405B8BF}"
EndProject
Project("{FAE04EC0-301F-11D3-BF4B-00C04F79EFBC}") = "DomainUpDwonControl", "DomainUpDwonControl\DomainUpDwonControl.csproj", "{CC4266AD-7C57-497F-94ED-275BD348F4AB}"
EndProject
Project("{FAE04EC0-301F-11D3-BF4B-00C04F79EFBC}") = "DateTimePickerControl", "DateTimePickerControl\DateTimePickerControl.csproj", "{A76F89F7-5AF7-4831-A604-04DE836EC0C6}"
EndProject
Project("{FAE04EC0-301F-11D3-BF4B-00C04F79EFBC}") = "TreeViewControl", "TreeViewControl\TreeViewControl.csproj", "{585CA96A-8C59-400B-940E-653106E37AC1}"
EndProject
Project("{FAE04EC0-301F-11D3-BF4B-00C04F79EFBC}") = "TabControlControl", "TabControlControl\TabControlControl.csproj", "{5F5FF09E-36C6-4137-B109-8D435DFBA5BA}"
EndProject
Project("{FAE04EC0-301F-11D3-BF4B-00C04F79EFBC}") = "DataGridViewControl", "..\DataGridViewControl\DataGridViewControl.csproj", "{5F7B0E47-49B9-4027-8FE7-586A74EDC420}"
EndProject
Global
	GlobalSection(SolutionConfigurationPlatforms) = preSolution
		Debug|Any CPU = Debug|Any CPU
		Release|Any CPU = Release|Any CPU
	EndGlobalSection
	GlobalSection(ProjectConfigurationPlatforms) = postSolution
		{5D30981F-6B3E-4449-BF49-B45E1D6F8ADA}.Debug|Any CPU.ActiveCfg = Debug|Any CPU
		{5D30981F-6B3E-4449-BF49-B45E1D6F8ADA}.Debug|Any CPU.Build.0 = Debug|Any CPU
		{5D30981F-6B3E-4449-BF49-B45E1D6F8ADA}.Release|Any CPU.ActiveCfg = Release|Any CPU
		{5D30981F-6B3E-4449-BF49-B45E1D6F8ADA}.Release|Any CPU.Build.0 = Release|Any CPU
		{EBFAFAF2-8315-4209-81FF-38E69F32BB66}.Debug|Any CPU.ActiveCfg = Debug|Any CPU
		{EBFAFAF2-8315-4209-81FF-38E69F32BB66}.Debug|Any CPU.Build.0 = Debug|Any CPU
		{EBFAFAF2-8315-4209-81FF-38E69F32BB66}.Release|Any CPU.ActiveCfg = Release|Any CPU
		{EBFAFAF2-8315-4209-81FF-38E69F32BB66}.Release|Any CPU.Build.0 = Release|Any CPU
		{001FA3A2-E299-4B10-A08D-9F570B4D24F5}.Debug|Any CPU.ActiveCfg = Debug|Any CPU
		{001FA3A2-E299-4B10-A08D-9F570B4D24F5}.Debug|Any CPU.Build.0 = Debug|Any CPU
		{001FA3A2-E299-4B10-A08D-9F570B4D24F5}.Release|Any CPU.ActiveCfg = Release|Any CPU
		{001FA3A2-E299-4B10-A08D-9F570B4D24F5}.Release|Any CPU.Build.0 = Release|Any CPU
		{537C0390-7F1B-447E-A1BB-8C3AB22E4A51}.Debug|Any CPU.ActiveCfg = Debug|Any CPU
		{537C0390-7F1B-447E-A1BB-8C3AB22E4A51}.Debug|Any CPU.Build.0 = Debug|Any CPU
		{537C0390-7F1B-447E-A1BB-8C3AB22E4A51}.Release|Any CPU.ActiveCfg = Release|Any CPU
		{537C0390-7F1B-447E-A1BB-8C3AB22E4A51}.Release|Any CPU.Build.0 = Release|Any CPU
		{E370330B-54F3-446E-936F-0F2720A78038}.Debug|Any CPU.ActiveCfg = Debug|Any CPU
		{E370330B-54F3-446E-936F-0F2720A78038}.Debug|Any CPU.Build.0 = Debug|Any CPU
		{E370330B-54F3-446E-936F-0F2720A78038}.Release|Any CPU.ActiveCfg = Release|Any CPU
		{E370330B-54F3-446E-936F-0F2720A78038}.Release|Any CPU.Build.0 = Release|Any CPU
		{3E04C9F6-F991-48C7-8D25-B6FF25C5BEB7}.Debug|Any CPU.ActiveCfg = Debug|Any CPU
		{3E04C9F6-F991-48C7-8D25-B6FF25C5BEB7}.Debug|Any CPU.Build.0 = Debug|Any CPU
		{3E04C9F6-F991-48C7-8D25-B6FF25C5BEB7}.Release|Any CPU.ActiveCfg = Release|Any CPU
		{3E04C9F6-F991-48C7-8D25-B6FF25C5BEB7}.Release|Any CPU.Build.0 = Release|Any CPU
		{7ADED61B-DC9A-494E-BC7F-F34B929A5F94}.Debug|Any CPU.ActiveCfg = Debug|Any CPU
		{7ADED61B-DC9A-494E-BC7F-F34B929A5F94}.Debug|Any CPU.Build.0 = Debug|Any CPU
		{7ADED61B-DC9A-494E-BC7F-F34B929A5F94}.Release|Any CPU.ActiveCfg = Release|Any CPU
		{7ADED61B-DC9A-494E-BC7F-F34B929A5F94}.Release|Any CPU.Build.0 = Release|Any CPU
		{DFCECA5A-5FAA-453E-888A-A623EACF71D5}.Debug|Any CPU.ActiveCfg = Debug|Any CPU
		{DFCECA5A-5FAA-453E-888A-A623EACF71D5}.Debug|Any CPU.Build.0 = Debug|Any CPU
		{DFCECA5A-5FAA-453E-888A-A623EACF71D5}.Release|Any CPU.ActiveCfg = Release|Any CPU
		{DFCECA5A-5FAA-453E-888A-A623EACF71D5}.Release|Any CPU.Build.0 = Release|Any CPU
		{7C4BCCB6-3B78-4DDB-9424-A653A5A0980F}.Debug|Any CPU.ActiveCfg = Debug|Any CPU
		{7C4BCCB6-3B78-4DDB-9424-A653A5A0980F}.Debug|Any CPU.Build.0 = Debug|Any CPU
		{7C4BCCB6-3B78-4DDB-9424-A653A5A0980F}.Release|Any CPU.ActiveCfg = Release|Any CPU
		{7C4BCCB6-3B78-4DDB-9424-A653A5A0980F}.Release|Any CPU.Build.0 = Release|Any CPU
		{6278497E-CD4A-48D4-A45A-C0DC7E7A830F}.Debug|Any CPU.ActiveCfg = Debug|Any CPU
		{6278497E-CD4A-48D4-A45A-C0DC7E7A830F}.Debug|Any CPU.Build.0 = Debug|Any CPU
		{6278497E-CD4A-48D4-A45A-C0DC7E7A830F}.Release|Any CPU.ActiveCfg = Release|Any CPU
		{6278497E-CD4A-48D4-A45A-C0DC7E7A830F}.Release|Any CPU.Build.0 = Release|Any CPU
		{AB0667D4-2C7E-4552-9F80-BAAC2A262E05}.Debug|Any CPU.ActiveCfg = Debug|Any CPU
		{AB0667D4-2C7E-4552-9F80-BAAC2A262E05}.Debug|Any CPU.Build.0 = Debug|Any CPU
		{AB0667D4-2C7E-4552-9F80-BAAC2A262E05}.Release|Any CPU.ActiveCfg = Release|Any CPU
		{AB0667D4-2C7E-4552-9F80-BAAC2A262E05}.Release|Any CPU.Build.0 = Release|Any CPU
		{A14D55E6-F20B-4F66-A1B2-8B05A7F670AD}.Debug|Any CPU.ActiveCfg = Debug|Any CPU
		{A14D55E6-F20B-4F66-A1B2-8B05A7F670AD}.Debug|Any CPU.Build.0 = Debug|Any CPU
		{A14D55E6-F20B-4F66-A1B2-8B05A7F670AD}.Release|Any CPU.ActiveCfg = Release|Any CPU
		{A14D55E6-F20B-4F66-A1B2-8B05A7F670AD}.Release|Any CPU.Build.0 = Release|Any CPU
		{B6B9125B-36B4-42FF-A8ED-8A7F0FB8E7EA}.Debug|Any CPU.ActiveCfg = Debug|Any CPU
		{B6B9125B-36B4-42FF-A8ED-8A7F0FB8E7EA}.Debug|Any CPU.Build.0 = Debug|Any CPU
		{B6B9125B-36B4-42FF-A8ED-8A7F0FB8E7EA}.Release|Any CPU.ActiveCfg = Release|Any CPU
		{B6B9125B-36B4-42FF-A8ED-8A7F0FB8E7EA}.Release|Any CPU.Build.0 = Release|Any CPU
		{157AB37A-CF2A-4237-8CBA-400347800474}.Debug|Any CPU.ActiveCfg = Debug|Any CPU
		{157AB37A-CF2A-4237-8CBA-400347800474}.Debug|Any CPU.Build.0 = Debug|Any CPU
		{157AB37A-CF2A-4237-8CBA-400347800474}.Release|Any CPU.ActiveCfg = Release|Any CPU
		{157AB37A-CF2A-4237-8CBA-400347800474}.Release|Any CPU.Build.0 = Release|Any CPU
		{A1CC19F5-0DCE-425F-A342-9BF7273FF39E}.Debug|Any CPU.ActiveCfg = Debug|Any CPU
		{A1CC19F5-0DCE-425F-A342-9BF7273FF39E}.Debug|Any CPU.Build.0 = Debug|Any CPU
		{A1CC19F5-0DCE-425F-A342-9BF7273FF39E}.Release|Any CPU.ActiveCfg = Release|Any CPU
		{A1CC19F5-0DCE-425F-A342-9BF7273FF39E}.Release|Any CPU.Build.0 = Release|Any CPU
		{7C312071-78C9-419A-AB40-C7363812B307}.Debug|Any CPU.ActiveCfg = Debug|Any CPU
		{7C312071-78C9-419A-AB40-C7363812B307}.Debug|Any CPU.Build.0 = Debug|Any CPU
		{7C312071-78C9-419A-AB40-C7363812B307}.Release|Any CPU.ActiveCfg = Release|Any CPU
		{7C312071-78C9-419A-AB40-C7363812B307}.Release|Any CPU.Build.0 = Release|Any CPU
		{E9C7F9A2-82F4-4796-882F-7957628963D5}.Debug|Any CPU.ActiveCfg = Debug|Any CPU
		{E9C7F9A2-82F4-4796-882F-7957628963D5}.Debug|Any CPU.Build.0 = Debug|Any CPU
		{E9C7F9A2-82F4-4796-882F-7957628963D5}.Release|Any CPU.ActiveCfg = Release|Any CPU
		{E9C7F9A2-82F4-4796-882F-7957628963D5}.Release|Any CPU.Build.0 = Release|Any CPU
		{A45CBA9C-5690-4A51-858C-EE4889BA8BF2}.Debug|Any CPU.ActiveCfg = Debug|Any CPU
		{A45CBA9C-5690-4A51-858C-EE4889BA8BF2}.Debug|Any CPU.Build.0 = Debug|Any CPU
		{A45CBA9C-5690-4A51-858C-EE4889BA8BF2}.Release|Any CPU.ActiveCfg = Release|Any CPU
		{A45CBA9C-5690-4A51-858C-EE4889BA8BF2}.Release|Any CPU.Build.0 = Release|Any CPU
		{7B38E346-8142-4CD0-BB5A-5C6F30EB15C1}.Debug|Any CPU.ActiveCfg = Debug|Any CPU
		{7B38E346-8142-4CD0-BB5A-5C6F30EB15C1}.Debug|Any CPU.Build.0 = Debug|Any CPU
		{7B38E346-8142-4CD0-BB5A-5C6F30EB15C1}.Release|Any CPU.ActiveCfg = Release|Any CPU
		{7B38E346-8142-4CD0-BB5A-5C6F30EB15C1}.Release|Any CPU.Build.0 = Release|Any CPU
		{70368C26-F377-41FC-A09E-880139D20867}.Debug|Any CPU.ActiveCfg = Debug|Any CPU
		{70368C26-F377-41FC-A09E-880139D20867}.Debug|Any CPU.Build.0 = Debug|Any CPU
		{70368C26-F377-41FC-A09E-880139D20867}.Release|Any CPU.ActiveCfg = Release|Any CPU
		{70368C26-F377-41FC-A09E-880139D20867}.Release|Any CPU.Build.0 = Release|Any CPU
		{2461B8C2-8C2D-4EBD-B536-E852E73AE475}.Debug|Any CPU.ActiveCfg = Debug|Any CPU
		{2461B8C2-8C2D-4EBD-B536-E852E73AE475}.Debug|Any CPU.Build.0 = Debug|Any CPU
		{2461B8C2-8C2D-4EBD-B536-E852E73AE475}.Release|Any CPU.ActiveCfg = Release|Any CPU
		{2461B8C2-8C2D-4EBD-B536-E852E73AE475}.Release|Any CPU.Build.0 = Release|Any CPU
		{9DD415A7-5A24-448C-BCCE-F330575AB208}.Debug|Any CPU.ActiveCfg = Debug|Any CPU
		{9DD415A7-5A24-448C-BCCE-F330575AB208}.Debug|Any CPU.Build.0 = Debug|Any CPU
		{9DD415A7-5A24-448C-BCCE-F330575AB208}.Release|Any CPU.ActiveCfg = Release|Any CPU
		{9DD415A7-5A24-448C-BCCE-F330575AB208}.Release|Any CPU.Build.0 = Release|Any CPU
		{8C5B611A-4EA2-44A2-A898-96042C69D152}.Debug|Any CPU.ActiveCfg = Debug|Any CPU
		{8C5B611A-4EA2-44A2-A898-96042C69D152}.Debug|Any CPU.Build.0 = Debug|Any CPU
		{8C5B611A-4EA2-44A2-A898-96042C69D152}.Release|Any CPU.ActiveCfg = Release|Any CPU
		{8C5B611A-4EA2-44A2-A898-96042C69D152}.Release|Any CPU.Build.0 = Release|Any CPU
		{42D3B5AD-391A-4D9A-96E4-E6273F449628}.Debug|Any CPU.ActiveCfg = Debug|Any CPU
		{42D3B5AD-391A-4D9A-96E4-E6273F449628}.Debug|Any CPU.Build.0 = Debug|Any CPU
		{42D3B5AD-391A-4D9A-96E4-E6273F449628}.Release|Any CPU.ActiveCfg = Release|Any CPU
		{42D3B5AD-391A-4D9A-96E4-E6273F449628}.Release|Any CPU.Build.0 = Release|Any CPU
		{2FD691FD-9229-4718-B765-9FD412B8A88E}.Debug|Any CPU.ActiveCfg = Debug|Any CPU
		{2FD691FD-9229-4718-B765-9FD412B8A88E}.Debug|Any CPU.Build.0 = Debug|Any CPU
		{2FD691FD-9229-4718-B765-9FD412B8A88E}.Release|Any CPU.ActiveCfg = Release|Any CPU
		{2FD691FD-9229-4718-B765-9FD412B8A88E}.Release|Any CPU.Build.0 = Release|Any CPU
		{D0DB898E-9834-482B-8DA1-650633803D16}.Debug|Any CPU.ActiveCfg = Debug|Any CPU
		{D0DB898E-9834-482B-8DA1-650633803D16}.Debug|Any CPU.Build.0 = Debug|Any CPU
		{D0DB898E-9834-482B-8DA1-650633803D16}.Release|Any CPU.ActiveCfg = Release|Any CPU
		{D0DB898E-9834-482B-8DA1-650633803D16}.Release|Any CPU.Build.0 = Release|Any CPU
		{62C6E6CF-DEFF-4F0D-9E78-C4390405B8BF}.Debug|Any CPU.ActiveCfg = Debug|Any CPU
		{62C6E6CF-DEFF-4F0D-9E78-C4390405B8BF}.Debug|Any CPU.Build.0 = Debug|Any CPU
		{62C6E6CF-DEFF-4F0D-9E78-C4390405B8BF}.Release|Any CPU.ActiveCfg = Release|Any CPU
		{62C6E6CF-DEFF-4F0D-9E78-C4390405B8BF}.Release|Any CPU.Build.0 = Release|Any CPU
		{CC4266AD-7C57-497F-94ED-275BD348F4AB}.Debug|Any CPU.ActiveCfg = Debug|Any CPU
		{CC4266AD-7C57-497F-94ED-275BD348F4AB}.Debug|Any CPU.Build.0 = Debug|Any CPU
		{CC4266AD-7C57-497F-94ED-275BD348F4AB}.Release|Any CPU.ActiveCfg = Release|Any CPU
		{CC4266AD-7C57-497F-94ED-275BD348F4AB}.Release|Any CPU.Build.0 = Release|Any CPU
		{A76F89F7-5AF7-4831-A604-04DE836EC0C6}.Debug|Any CPU.ActiveCfg = Debug|Any CPU
		{A76F89F7-5AF7-4831-A604-04DE836EC0C6}.Debug|Any CPU.Build.0 = Debug|Any CPU
		{A76F89F7-5AF7-4831-A604-04DE836EC0C6}.Release|Any CPU.ActiveCfg = Release|Any CPU
		{A76F89F7-5AF7-4831-A604-04DE836EC0C6}.Release|Any CPU.Build.0 = Release|Any CPU
		{585CA96A-8C59-400B-940E-653106E37AC1}.Debug|Any CPU.ActiveCfg = Debug|Any CPU
		{585CA96A-8C59-400B-940E-653106E37AC1}.Debug|Any CPU.Build.0 = Debug|Any CPU
		{585CA96A-8C59-400B-940E-653106E37AC1}.Release|Any CPU.ActiveCfg = Release|Any CPU
		{585CA96A-8C59-400B-940E-653106E37AC1}.Release|Any CPU.Build.0 = Release|Any CPU
		{5F5FF09E-36C6-4137-B109-8D435DFBA5BA}.Debug|Any CPU.ActiveCfg = Debug|Any CPU
		{5F5FF09E-36C6-4137-B109-8D435DFBA5BA}.Debug|Any CPU.Build.0 = Debug|Any CPU
		{5F5FF09E-36C6-4137-B109-8D435DFBA5BA}.Release|Any CPU.ActiveCfg = Release|Any CPU
		{5F5FF09E-36C6-4137-B109-8D435DFBA5BA}.Release|Any CPU.Build.0 = Release|Any CPU
		{5F7B0E47-49B9-4027-8FE7-586A74EDC420}.Debug|Any CPU.ActiveCfg = Debug|Any CPU
		{5F7B0E47-49B9-4027-8FE7-586A74EDC420}.Debug|Any CPU.Build.0 = Debug|Any CPU
		{5F7B0E47-49B9-4027-8FE7-586A74EDC420}.Release|Any CPU.ActiveCfg = Release|Any CPU
		{5F7B0E47-49B9-4027-8FE7-586A74EDC420}.Release|Any CPU.Build.0 = Release|Any CPU
	EndGlobalSection
	GlobalSection(SolutionProperties) = preSolution
		HideSolutionNode = FALSE
	EndGlobalSection
	GlobalSection(ExtensibilityGlobals) = postSolution
		SolutionGuid = {DDC9DDB7-3263-47AE-8D45-BAD112EC8BC7}
	EndGlobalSection
EndGlobal
